
Microsoft Visual Studio Solution File, Format Version 12.00
# Visual Studio 15
VisualStudioVersion = 15.0.27130.2026
MinimumVisualStudioVersion = 10.0.40219.1
Project("{FAE04EC0-301F-11D3-BF4B-00C04F79EFBC}") = "Lands.Android", "Lands\Lands.Android\Lands.Android.csproj", "{9B566E96-F9F2-414E-B0D2-2A73093A1481}"
EndProject
Project("{FAE04EC0-301F-11D3-BF4B-00C04F79EFBC}") = "Lands.iOS", "Lands\Lands.iOS\Lands.iOS.csproj", "{19B58DE4-6B93-43FC-B1FA-CAEB13D5C797}"
EndProject
Project("{FAE04EC0-301F-11D3-BF4B-00C04F79EFBC}") = "Lands.UWP", "Lands\Lands.UWP\Lands.UWP.csproj", "{82471057-5E30-46E7-954A-0750B2881C0F}"
EndProject
Project("{FAE04EC0-301F-11D3-BF4B-00C04F79EFBC}") = "Lands", "Lands\Lands\Lands.csproj", "{183D0C3B-F378-419C-9615-3C24DE7B61EC}"
EndProject
Global
	GlobalSection(SolutionConfigurationPlatforms) = preSolution
		Ad-Hoc|Any CPU = Ad-Hoc|Any CPU
		Ad-Hoc|ARM = Ad-Hoc|ARM
		Ad-Hoc|iPhone = Ad-Hoc|iPhone
		Ad-Hoc|iPhoneSimulator = Ad-Hoc|iPhoneSimulator
		Ad-Hoc|x64 = Ad-Hoc|x64
		Ad-Hoc|x86 = Ad-Hoc|x86
		AppStore|Any CPU = AppStore|Any CPU
		AppStore|ARM = AppStore|ARM
		AppStore|iPhone = AppStore|iPhone
		AppStore|iPhoneSimulator = AppStore|iPhoneSimulator
		AppStore|x64 = AppStore|x64
		AppStore|x86 = AppStore|x86
		Debug|Any CPU = Debug|Any CPU
		Debug|ARM = Debug|ARM
		Debug|iPhone = Debug|iPhone
		Debug|iPhoneSimulator = Debug|iPhoneSimulator
		Debug|x64 = Debug|x64
		Debug|x86 = Debug|x86
		Release|Any CPU = Release|Any CPU
		Release|ARM = Release|ARM
		Release|iPhone = Release|iPhone
		Release|iPhoneSimulator = Release|iPhoneSimulator
		Release|x64 = Release|x64
		Release|x86 = Release|x86
	EndGlobalSection
	GlobalSection(ProjectConfigurationPlatforms) = postSolution
		{9B566E96-F9F2-414E-B0D2-2A73093A1481}.Ad-Hoc|Any CPU.ActiveCfg = Release|Any CPU
		{9B566E96-F9F2-414E-B0D2-2A73093A1481}.Ad-Hoc|Any CPU.Build.0 = Release|Any CPU
		{9B566E96-F9F2-414E-B0D2-2A73093A1481}.Ad-Hoc|Any CPU.Deploy.0 = Release|Any CPU
		{9B566E96-F9F2-414E-B0D2-2A73093A1481}.Ad-Hoc|ARM.ActiveCfg = Release|Any CPU
		{9B566E96-F9F2-414E-B0D2-2A73093A1481}.Ad-Hoc|ARM.Build.0 = Release|Any CPU
		{9B566E96-F9F2-414E-B0D2-2A73093A1481}.Ad-Hoc|ARM.Deploy.0 = Release|Any CPU
		{9B566E96-F9F2-414E-B0D2-2A73093A1481}.Ad-Hoc|iPhone.ActiveCfg = Release|Any CPU
		{9B566E96-F9F2-414E-B0D2-2A73093A1481}.Ad-Hoc|iPhone.Build.0 = Release|Any CPU
		{9B566E96-F9F2-414E-B0D2-2A73093A1481}.Ad-Hoc|iPhone.Deploy.0 = Release|Any CPU
		{9B566E96-F9F2-414E-B0D2-2A73093A1481}.Ad-Hoc|iPhoneSimulator.ActiveCfg = Release|Any CPU
		{9B566E96-F9F2-414E-B0D2-2A73093A1481}.Ad-Hoc|iPhoneSimulator.Build.0 = Release|Any CPU
		{9B566E96-F9F2-414E-B0D2-2A73093A1481}.Ad-Hoc|iPhoneSimulator.Deploy.0 = Release|Any CPU
		{9B566E96-F9F2-414E-B0D2-2A73093A1481}.Ad-Hoc|x64.ActiveCfg = Release|Any CPU
		{9B566E96-F9F2-414E-B0D2-2A73093A1481}.Ad-Hoc|x64.Build.0 = Release|Any CPU
		{9B566E96-F9F2-414E-B0D2-2A73093A1481}.Ad-Hoc|x64.Deploy.0 = Release|Any CPU
		{9B566E96-F9F2-414E-B0D2-2A73093A1481}.Ad-Hoc|x86.ActiveCfg = Release|Any CPU
		{9B566E96-F9F2-414E-B0D2-2A73093A1481}.Ad-Hoc|x86.Build.0 = Release|Any CPU
		{9B566E96-F9F2-414E-B0D2-2A73093A1481}.Ad-Hoc|x86.Deploy.0 = Release|Any CPU
		{9B566E96-F9F2-414E-B0D2-2A73093A1481}.AppStore|Any CPU.ActiveCfg = Release|Any CPU
		{9B566E96-F9F2-414E-B0D2-2A73093A1481}.AppStore|Any CPU.Build.0 = Release|Any CPU
		{9B566E96-F9F2-414E-B0D2-2A73093A1481}.AppStore|Any CPU.Deploy.0 = Release|Any CPU
		{9B566E96-F9F2-414E-B0D2-2A73093A1481}.AppStore|ARM.ActiveCfg = Release|Any CPU
		{9B566E96-F9F2-414E-B0D2-2A73093A1481}.AppStore|ARM.Build.0 = Release|Any CPU
		{9B566E96-F9F2-414E-B0D2-2A73093A1481}.AppStore|ARM.Deploy.0 = Release|Any CPU
		{9B566E96-F9F2-414E-B0D2-2A73093A1481}.AppStore|iPhone.ActiveCfg = Release|Any CPU
		{9B566E96-F9F2-414E-B0D2-2A73093A1481}.AppStore|iPhone.Build.0 = Release|Any CPU
		{9B566E96-F9F2-414E-B0D2-2A73093A1481}.AppStore|iPhone.Deploy.0 = Release|Any CPU
		{9B566E96-F9F2-414E-B0D2-2A73093A1481}.AppStore|iPhoneSimulator.ActiveCfg = Release|Any CPU
		{9B566E96-F9F2-414E-B0D2-2A73093A1481}.AppStore|iPhoneSimulator.Build.0 = Release|Any CPU
		{9B566E96-F9F2-414E-B0D2-2A73093A1481}.AppStore|iPhoneSimulator.Deploy.0 = Release|Any CPU
		{9B566E96-F9F2-414E-B0D2-2A73093A1481}.AppStore|x64.ActiveCfg = Release|Any CPU
		{9B566E96-F9F2-414E-B0D2-2A73093A1481}.AppStore|x64.Build.0 = Release|Any CPU
		{9B566E96-F9F2-414E-B0D2-2A73093A1481}.AppStore|x64.Deploy.0 = Release|Any CPU
		{9B566E96-F9F2-414E-B0D2-2A73093A1481}.AppStore|x86.ActiveCfg = Release|Any CPU
		{9B566E96-F9F2-414E-B0D2-2A73093A1481}.AppStore|x86.Build.0 = Release|Any CPU
		{9B566E96-F9F2-414E-B0D2-2A73093A1481}.AppStore|x86.Deploy.0 = Release|Any CPU
		{9B566E96-F9F2-414E-B0D2-2A73093A1481}.Debug|Any CPU.ActiveCfg = Debug|Any CPU
		{9B566E96-F9F2-414E-B0D2-2A73093A1481}.Debug|Any CPU.Build.0 = Debug|Any CPU
		{9B566E96-F9F2-414E-B0D2-2A73093A1481}.Debug|Any CPU.Deploy.0 = Debug|Any CPU
		{9B566E96-F9F2-414E-B0D2-2A73093A1481}.Debug|ARM.ActiveCfg = Debug|Any CPU
		{9B566E96-F9F2-414E-B0D2-2A73093A1481}.Debug|ARM.Build.0 = Debug|Any CPU
		{9B566E96-F9F2-414E-B0D2-2A73093A1481}.Debug|ARM.Deploy.0 = Debug|Any CPU
		{9B566E96-F9F2-414E-B0D2-2A73093A1481}.Debug|iPhone.ActiveCfg = Debug|Any CPU
		{9B566E96-F9F2-414E-B0D2-2A73093A1481}.Debug|iPhone.Build.0 = Debug|Any CPU
		{9B566E96-F9F2-414E-B0D2-2A73093A1481}.Debug|iPhone.Deploy.0 = Debug|Any CPU
		{9B566E96-F9F2-414E-B0D2-2A73093A1481}.Debug|iPhoneSimulator.ActiveCfg = Debug|Any CPU
		{9B566E96-F9F2-414E-B0D2-2A73093A1481}.Debug|iPhoneSimulator.Build.0 = Debug|Any CPU
		{9B566E96-F9F2-414E-B0D2-2A73093A1481}.Debug|iPhoneSimulator.Deploy.0 = Debug|Any CPU
		{9B566E96-F9F2-414E-B0D2-2A73093A1481}.Debug|x64.ActiveCfg = Debug|Any CPU
		{9B566E96-F9F2-414E-B0D2-2A73093A1481}.Debug|x64.Build.0 = Debug|Any CPU
		{9B566E96-F9F2-414E-B0D2-2A73093A1481}.Debug|x64.Deploy.0 = Debug|Any CPU
		{9B566E96-F9F2-414E-B0D2-2A73093A1481}.Debug|x86.ActiveCfg = Debug|Any CPU
		{9B566E96-F9F2-414E-B0D2-2A73093A1481}.Debug|x86.Build.0 = Debug|Any CPU
		{9B566E96-F9F2-414E-B0D2-2A73093A1481}.Debug|x86.Deploy.0 = Debug|Any CPU
		{9B566E96-F9F2-414E-B0D2-2A73093A1481}.Release|Any CPU.ActiveCfg = Release|Any CPU
		{9B566E96-F9F2-414E-B0D2-2A73093A1481}.Release|Any CPU.Build.0 = Release|Any CPU
		{9B566E96-F9F2-414E-B0D2-2A73093A1481}.Release|Any CPU.Deploy.0 = Release|Any CPU
		{9B566E96-F9F2-414E-B0D2-2A73093A1481}.Release|ARM.ActiveCfg = Release|Any CPU
		{9B566E96-F9F2-414E-B0D2-2A73093A1481}.Release|ARM.Build.0 = Release|Any CPU
		{9B566E96-F9F2-414E-B0D2-2A73093A1481}.Release|ARM.Deploy.0 = Release|Any CPU
		{9B566E96-F9F2-414E-B0D2-2A73093A1481}.Release|iPhone.ActiveCfg = Release|Any CPU
		{9B566E96-F9F2-414E-B0D2-2A73093A1481}.Release|iPhone.Build.0 = Release|Any CPU
		{9B566E96-F9F2-414E-B0D2-2A73093A1481}.Release|iPhone.Deploy.0 = Release|Any CPU
		{9B566E96-F9F2-414E-B0D2-2A73093A1481}.Release|iPhoneSimulator.ActiveCfg = Release|Any CPU
		{9B566E96-F9F2-414E-B0D2-2A73093A1481}.Release|iPhoneSimulator.Build.0 = Release|Any CPU
		{9B566E96-F9F2-414E-B0D2-2A73093A1481}.Release|iPhoneSimulator.Deploy.0 = Release|Any CPU
		{9B566E96-F9F2-414E-B0D2-2A73093A1481}.Release|x64.ActiveCfg = Release|Any CPU
		{9B566E96-F9F2-414E-B0D2-2A73093A1481}.Release|x64.Build.0 = Release|Any CPU
		{9B566E96-F9F2-414E-B0D2-2A73093A1481}.Release|x64.Deploy.0 = Release|Any CPU
		{9B566E96-F9F2-414E-B0D2-2A73093A1481}.Release|x86.ActiveCfg = Release|Any CPU
		{9B566E96-F9F2-414E-B0D2-2A73093A1481}.Release|x86.Build.0 = Release|Any CPU
		{9B566E96-F9F2-414E-B0D2-2A73093A1481}.Release|x86.Deploy.0 = Release|Any CPU
		{19B58DE4-6B93-43FC-B1FA-CAEB13D5C797}.Ad-Hoc|Any CPU.ActiveCfg = Ad-Hoc|iPhone
		{19B58DE4-6B93-43FC-B1FA-CAEB13D5C797}.Ad-Hoc|ARM.ActiveCfg = Ad-Hoc|iPhone
		{19B58DE4-6B93-43FC-B1FA-CAEB13D5C797}.Ad-Hoc|iPhone.ActiveCfg = Ad-Hoc|iPhone
		{19B58DE4-6B93-43FC-B1FA-CAEB13D5C797}.Ad-Hoc|iPhone.Build.0 = Ad-Hoc|iPhone
		{19B58DE4-6B93-43FC-B1FA-CAEB13D5C797}.Ad-Hoc|iPhoneSimulator.ActiveCfg = Ad-Hoc|iPhoneSimulator
		{19B58DE4-6B93-43FC-B1FA-CAEB13D5C797}.Ad-Hoc|iPhoneSimulator.Build.0 = Ad-Hoc|iPhoneSimulator
		{19B58DE4-6B93-43FC-B1FA-CAEB13D5C797}.Ad-Hoc|x64.ActiveCfg = Ad-Hoc|iPhone
		{19B58DE4-6B93-43FC-B1FA-CAEB13D5C797}.Ad-Hoc|x86.ActiveCfg = Ad-Hoc|iPhone
		{19B58DE4-6B93-43FC-B1FA-CAEB13D5C797}.AppStore|Any CPU.ActiveCfg = AppStore|iPhone
		{19B58DE4-6B93-43FC-B1FA-CAEB13D5C797}.AppStore|ARM.ActiveCfg = AppStore|iPhone
		{19B58DE4-6B93-43FC-B1FA-CAEB13D5C797}.AppStore|iPhone.ActiveCfg = AppStore|iPhone
		{19B58DE4-6B93-43FC-B1FA-CAEB13D5C797}.AppStore|iPhone.Build.0 = AppStore|iPhone
		{19B58DE4-6B93-43FC-B1FA-CAEB13D5C797}.AppStore|iPhoneSimulator.ActiveCfg = AppStore|iPhoneSimulator
		{19B58DE4-6B93-43FC-B1FA-CAEB13D5C797}.AppStore|iPhoneSimulator.Build.0 = AppStore|iPhoneSimulator
		{19B58DE4-6B93-43FC-B1FA-CAEB13D5C797}.AppStore|x64.ActiveCfg = AppStore|iPhone
		{19B58DE4-6B93-43FC-B1FA-CAEB13D5C797}.AppStore|x86.ActiveCfg = AppStore|iPhone
		{19B58DE4-6B93-43FC-B1FA-CAEB13D5C797}.Debug|Any CPU.ActiveCfg = Debug|iPhone
		{19B58DE4-6B93-43FC-B1FA-CAEB13D5C797}.Debug|ARM.ActiveCfg = Debug|iPhone
		{19B58DE4-6B93-43FC-B1FA-CAEB13D5C797}.Debug|iPhone.ActiveCfg = Debug|iPhone
		{19B58DE4-6B93-43FC-B1FA-CAEB13D5C797}.Debug|iPhone.Build.0 = Debug|iPhone
		{19B58DE4-6B93-43FC-B1FA-CAEB13D5C797}.Debug|iPhoneSimulator.ActiveCfg = Debug|iPhoneSimulator
		{19B58DE4-6B93-43FC-B1FA-CAEB13D5C797}.Debug|iPhoneSimulator.Build.0 = Debug|iPhoneSimulator
		{19B58DE4-6B93-43FC-B1FA-CAEB13D5C797}.Debug|x64.ActiveCfg = Debug|iPhone
		{19B58DE4-6B93-43FC-B1FA-CAEB13D5C797}.Debug|x86.ActiveCfg = Debug|iPhone
		{19B58DE4-6B93-43FC-B1FA-CAEB13D5C797}.Release|Any CPU.ActiveCfg = Release|iPhone
		{19B58DE4-6B93-43FC-B1FA-CAEB13D5C797}.Release|ARM.ActiveCfg = Release|iPhone
		{19B58DE4-6B93-43FC-B1FA-CAEB13D5C797}.Release|iPhone.ActiveCfg = Release|iPhone
		{19B58DE4-6B93-43FC-B1FA-CAEB13D5C797}.Release|iPhone.Build.0 = Release|iPhone
		{19B58DE4-6B93-43FC-B1FA-CAEB13D5C797}.Release|iPhoneSimulator.ActiveCfg = Release|iPhoneSimulator
		{19B58DE4-6B93-43FC-B1FA-CAEB13D5C797}.Release|iPhoneSimulator.Build.0 = Release|iPhoneSimulator
		{19B58DE4-6B93-43FC-B1FA-CAEB13D5C797}.Release|x64.ActiveCfg = Release|iPhone
		{19B58DE4-6B93-43FC-B1FA-CAEB13D5C797}.Release|x86.ActiveCfg = Release|iPhone
		{82471057-5E30-46E7-954A-0750B2881C0F}.Ad-Hoc|Any CPU.ActiveCfg = Release|x86
		{82471057-5E30-46E7-954A-0750B2881C0F}.Ad-Hoc|Any CPU.Build.0 = Release|x86
		{82471057-5E30-46E7-954A-0750B2881C0F}.Ad-Hoc|Any CPU.Deploy.0 = Release|x86
		{82471057-5E30-46E7-954A-0750B2881C0F}.Ad-Hoc|ARM.ActiveCfg = Release|ARM
		{82471057-5E30-46E7-954A-0750B2881C0F}.Ad-Hoc|ARM.Build.0 = Release|ARM
		{82471057-5E30-46E7-954A-0750B2881C0F}.Ad-Hoc|ARM.Deploy.0 = Release|ARM
		{82471057-5E30-46E7-954A-0750B2881C0F}.Ad-Hoc|iPhone.ActiveCfg = Release|x86
		{82471057-5E30-46E7-954A-0750B2881C0F}.Ad-Hoc|iPhone.Build.0 = Release|x86
		{82471057-5E30-46E7-954A-0750B2881C0F}.Ad-Hoc|iPhone.Deploy.0 = Release|x86
		{82471057-5E30-46E7-954A-0750B2881C0F}.Ad-Hoc|iPhoneSimulator.ActiveCfg = Release|x86
		{82471057-5E30-46E7-954A-0750B2881C0F}.Ad-Hoc|iPhoneSimulator.Build.0 = Release|x86
		{82471057-5E30-46E7-954A-0750B2881C0F}.Ad-Hoc|iPhoneSimulator.Deploy.0 = Release|x86
		{82471057-5E30-46E7-954A-0750B2881C0F}.Ad-Hoc|x64.ActiveCfg = Release|x64
		{82471057-5E30-46E7-954A-0750B2881C0F}.Ad-Hoc|x64.Build.0 = Release|x64
		{82471057-5E30-46E7-954A-0750B2881C0F}.Ad-Hoc|x64.Deploy.0 = Release|x64
		{82471057-5E30-46E7-954A-0750B2881C0F}.Ad-Hoc|x86.ActiveCfg = Release|x86
		{82471057-5E30-46E7-954A-0750B2881C0F}.Ad-Hoc|x86.Build.0 = Release|x86
		{82471057-5E30-46E7-954A-0750B2881C0F}.Ad-Hoc|x86.Deploy.0 = Release|x86
		{82471057-5E30-46E7-954A-0750B2881C0F}.AppStore|Any CPU.ActiveCfg = Release|x86
		{82471057-5E30-46E7-954A-0750B2881C0F}.AppStore|Any CPU.Build.0 = Release|x86
		{82471057-5E30-46E7-954A-0750B2881C0F}.AppStore|Any CPU.Deploy.0 = Release|x86
		{82471057-5E30-46E7-954A-0750B2881C0F}.AppStore|ARM.ActiveCfg = Release|ARM
		{82471057-5E30-46E7-954A-0750B2881C0F}.AppStore|ARM.Build.0 = Release|ARM
		{82471057-5E30-46E7-954A-0750B2881C0F}.AppStore|ARM.Deploy.0 = Release|ARM
		{82471057-5E30-46E7-954A-0750B2881C0F}.AppStore|iPhone.ActiveCfg = Release|x86
		{82471057-5E30-46E7-954A-0750B2881C0F}.AppStore|iPhone.Build.0 = Release|x86
		{82471057-5E30-46E7-954A-0750B2881C0F}.AppStore|iPhone.Deploy.0 = Release|x86
		{82471057-5E30-46E7-954A-0750B2881C0F}.AppStore|iPhoneSimulator.ActiveCfg = Release|x86
		{82471057-5E30-46E7-954A-0750B2881C0F}.AppStore|iPhoneSimulator.Build.0 = Release|x86
		{82471057-5E30-46E7-954A-0750B2881C0F}.AppStore|iPhoneSimulator.Deploy.0 = Release|x86
		{82471057-5E30-46E7-954A-0750B2881C0F}.AppStore|x64.ActiveCfg = Release|x64
		{82471057-5E30-46E7-954A-0750B2881C0F}.AppStore|x64.Build.0 = Release|x64
		{82471057-5E30-46E7-954A-0750B2881C0F}.AppStore|x64.Deploy.0 = Release|x64
		{82471057-5E30-46E7-954A-0750B2881C0F}.AppStore|x86.ActiveCfg = Release|x86
		{82471057-5E30-46E7-954A-0750B2881C0F}.AppStore|x86.Build.0 = Release|x86
		{82471057-5E30-46E7-954A-0750B2881C0F}.AppStore|x86.Deploy.0 = Release|x86
		{82471057-5E30-46E7-954A-0750B2881C0F}.Debug|Any CPU.ActiveCfg = Debug|x86
		{82471057-5E30-46E7-954A-0750B2881C0F}.Debug|ARM.ActiveCfg = Debug|ARM
		{82471057-5E30-46E7-954A-0750B2881C0F}.Debug|ARM.Build.0 = Debug|ARM
		{82471057-5E30-46E7-954A-0750B2881C0F}.Debug|ARM.Deploy.0 = Debug|ARM
		{82471057-5E30-46E7-954A-0750B2881C0F}.Debug|iPhone.ActiveCfg = Debug|x86
		{82471057-5E30-46E7-954A-0750B2881C0F}.Debug|iPhoneSimulator.ActiveCfg = Debug|x86
		{82471057-5E30-46E7-954A-0750B2881C0F}.Debug|x64.ActiveCfg = Debug|x64
		{82471057-5E30-46E7-954A-0750B2881C0F}.Debug|x64.Build.0 = Debug|x64
		{82471057-5E30-46E7-954A-0750B2881C0F}.Debug|x64.Deploy.0 = Debug|x64
		{82471057-5E30-46E7-954A-0750B2881C0F}.Debug|x86.ActiveCfg = Debug|x86
		{82471057-5E30-46E7-954A-0750B2881C0F}.Debug|x86.Build.0 = Debug|x86
		{82471057-5E30-46E7-954A-0750B2881C0F}.Debug|x86.Deploy.0 = Debug|x86
		{82471057-5E30-46E7-954A-0750B2881C0F}.Release|Any CPU.ActiveCfg = Release|x86
		{82471057-5E30-46E7-954A-0750B2881C0F}.Release|ARM.ActiveCfg = Release|ARM
		{82471057-5E30-46E7-954A-0750B2881C0F}.Release|ARM.Build.0 = Release|ARM
		{82471057-5E30-46E7-954A-0750B2881C0F}.Release|ARM.Deploy.0 = Release|ARM
		{82471057-5E30-46E7-954A-0750B2881C0F}.Release|iPhone.ActiveCfg = Release|x86
		{82471057-5E30-46E7-954A-0750B2881C0F}.Release|iPhoneSimulator.ActiveCfg = Release|x86
		{82471057-5E30-46E7-954A-0750B2881C0F}.Release|x64.ActiveCfg = Release|x64
		{82471057-5E30-46E7-954A-0750B2881C0F}.Release|x64.Build.0 = Release|x64
		{82471057-5E30-46E7-954A-0750B2881C0F}.Release|x64.Deploy.0 = Release|x64
		{82471057-5E30-46E7-954A-0750B2881C0F}.Release|x86.ActiveCfg = Release|x86
		{82471057-5E30-46E7-954A-0750B2881C0F}.Release|x86.Build.0 = Release|x86
		{82471057-5E30-46E7-954A-0750B2881C0F}.Release|x86.Deploy.0 = Release|x86
		{183D0C3B-F378-419C-9615-3C24DE7B61EC}.Ad-Hoc|Any CPU.ActiveCfg = Debug|Any CPU
		{183D0C3B-F378-419C-9615-3C24DE7B61EC}.Ad-Hoc|Any CPU.Build.0 = Debug|Any CPU
		{183D0C3B-F378-419C-9615-3C24DE7B61EC}.Ad-Hoc|ARM.ActiveCfg = Debug|Any CPU
		{183D0C3B-F378-419C-9615-3C24DE7B61EC}.Ad-Hoc|ARM.Build.0 = Debug|Any CPU
		{183D0C3B-F378-419C-9615-3C24DE7B61EC}.Ad-Hoc|iPhone.ActiveCfg = Debug|Any CPU
		{183D0C3B-F378-419C-9615-3C24DE7B61EC}.Ad-Hoc|iPhone.Build.0 = Debug|Any CPU
		{183D0C3B-F378-419C-9615-3C24DE7B61EC}.Ad-Hoc|iPhoneSimulator.ActiveCfg = Debug|Any CPU
		{183D0C3B-F378-419C-9615-3C24DE7B61EC}.Ad-Hoc|iPhoneSimulator.Build.0 = Debug|Any CPU
		{183D0C3B-F378-419C-9615-3C24DE7B61EC}.Ad-Hoc|x64.ActiveCfg = Debug|Any CPU
		{183D0C3B-F378-419C-9615-3C24DE7B61EC}.Ad-Hoc|x64.Build.0 = Debug|Any CPU
		{183D0C3B-F378-419C-9615-3C24DE7B61EC}.Ad-Hoc|x86.ActiveCfg = Debug|Any CPU
		{183D0C3B-F378-419C-9615-3C24DE7B61EC}.Ad-Hoc|x86.Build.0 = Debug|Any CPU
		{183D0C3B-F378-419C-9615-3C24DE7B61EC}.AppStore|Any CPU.ActiveCfg = Debug|Any CPU
		{183D0C3B-F378-419C-9615-3C24DE7B61EC}.AppStore|Any CPU.Build.0 = Debug|Any CPU
		{183D0C3B-F378-419C-9615-3C24DE7B61EC}.AppStore|ARM.ActiveCfg = Debug|Any CPU
		{183D0C3B-F378-419C-9615-3C24DE7B61EC}.AppStore|ARM.Build.0 = Debug|Any CPU
		{183D0C3B-F378-419C-9615-3C24DE7B61EC}.AppStore|iPhone.ActiveCfg = Debug|Any CPU
		{183D0C3B-F378-419C-9615-3C24DE7B61EC}.AppStore|iPhone.Build.0 = Debug|Any CPU
		{183D0C3B-F378-419C-9615-3C24DE7B61EC}.AppStore|iPhoneSimulator.ActiveCfg = Debug|Any CPU
		{183D0C3B-F378-419C-9615-3C24DE7B61EC}.AppStore|iPhoneSimulator.Build.0 = Debug|Any CPU
		{183D0C3B-F378-419C-9615-3C24DE7B61EC}.AppStore|x64.ActiveCfg = Debug|Any CPU
		{183D0C3B-F378-419C-9615-3C24DE7B61EC}.AppStore|x64.Build.0 = Debug|Any CPU
		{183D0C3B-F378-419C-9615-3C24DE7B61EC}.AppStore|x86.ActiveCfg = Debug|Any CPU
		{183D0C3B-F378-419C-9615-3C24DE7B61EC}.AppStore|x86.Build.0 = Debug|Any CPU
		{183D0C3B-F378-419C-9615-3C24DE7B61EC}.Debug|Any CPU.ActiveCfg = Debug|Any CPU
		{183D0C3B-F378-419C-9615-3C24DE7B61EC}.Debug|Any CPU.Build.0 = Debug|Any CPU
		{183D0C3B-F378-419C-9615-3C24DE7B61EC}.Debug|ARM.ActiveCfg = Debug|Any CPU
		{183D0C3B-F378-419C-9615-3C24DE7B61EC}.Debug|ARM.Build.0 = Debug|Any CPU
		{183D0C3B-F378-419C-9615-3C24DE7B61EC}.Debug|iPhone.ActiveCfg = Debug|Any CPU
		{183D0C3B-F378-419C-9615-3C24DE7B61EC}.Debug|iPhone.Build.0 = Debug|Any CPU
		{183D0C3B-F378-419C-9615-3C24DE7B61EC}.Debug|iPhoneSimulator.ActiveCfg = Debug|Any CPU
		{183D0C3B-F378-419C-9615-3C24DE7B61EC}.Debug|iPhoneSimulator.Build.0 = Debug|Any CPU
		{183D0C3B-F378-419C-9615-3C24DE7B61EC}.Debug|x64.ActiveCfg = Debug|Any CPU
		{183D0C3B-F378-419C-9615-3C24DE7B61EC}.Debug|x64.Build.0 = Debug|Any CPU
		{183D0C3B-F378-419C-9615-3C24DE7B61EC}.Debug|x86.ActiveCfg = Debug|Any CPU
		{183D0C3B-F378-419C-9615-3C24DE7B61EC}.Debug|x86.Build.0 = Debug|Any CPU
		{183D0C3B-F378-419C-9615-3C24DE7B61EC}.Release|Any CPU.ActiveCfg = Release|Any CPU
		{183D0C3B-F378-419C-9615-3C24DE7B61EC}.Release|Any CPU.Build.0 = Release|Any CPU
		{183D0C3B-F378-419C-9615-3C24DE7B61EC}.Release|ARM.ActiveCfg = Release|Any CPU
		{183D0C3B-F378-419C-9615-3C24DE7B61EC}.Release|ARM.Build.0 = Release|Any CPU
		{183D0C3B-F378-419C-9615-3C24DE7B61EC}.Release|iPhone.ActiveCfg = Release|Any CPU
		{183D0C3B-F378-419C-9615-3C24DE7B61EC}.Release|iPhone.Build.0 = Release|Any CPU
		{183D0C3B-F378-419C-9615-3C24DE7B61EC}.Release|iPhoneSimulator.ActiveCfg = Release|Any CPU
		{183D0C3B-F378-419C-9615-3C24DE7B61EC}.Release|iPhoneSimulator.Build.0 = Release|Any CPU
		{183D0C3B-F378-419C-9615-3C24DE7B61EC}.Release|x64.ActiveCfg = Release|Any CPU
		{183D0C3B-F378-419C-9615-3C24DE7B61EC}.Release|x64.Build.0 = Release|Any CPU
		{183D0C3B-F378-419C-9615-3C24DE7B61EC}.Release|x86.ActiveCfg = Release|Any CPU
		{183D0C3B-F378-419C-9615-3C24DE7B61EC}.Release|x86.Build.0 = Release|Any CPU
	EndGlobalSection
	GlobalSection(SolutionProperties) = preSolution
		HideSolutionNode = FALSE
	EndGlobalSection
	GlobalSection(ExtensibilityGlobals) = postSolution
		SolutionGuid = {D476C489-4971-4AE9-A850-0A989FC17CAB}
	EndGlobalSection
EndGlobal
